{
  "name": "assets",
  "version": "1.0.0",
  "lockfileVersion": 3,
  "requires": true,
  "packages": {
    "": {
      "name": "assets",
      "version": "1.0.0",
      "license": "ISC",
      "devDependencies": {
        "daisyui": "^5.0.19"
      }
    },
    "node_modules/daisyui": {
      "version": "5.0.19",
      "resolved": "https://registry.npmjs.org/daisyui/-/daisyui-5.0.19.tgz",
      "integrity": "sha512-vuxloVgdmTnGpA6CFnQyLkXuqPmusHgYZ0L5Qg1pQzAYPUMc0HM2S3brnu7xRnAUq7ZMAqyoV78Fvht7nY2svg==",
      "dev": true,
      "license": "MIT",
      "funding": {
        "url": "https://github.com/saadeghi/daisyui?sponsor=1"
      }
    }
  }
}
